
Microsoft Visual Studio Solution File, Format Version 12.00
# Visual Studio Version 17
VisualStudioVersion = 17.10.35004.147
MinimumVisualStudioVersion = 10.0.40219.1
Project("{2150E333-8FDC-42A3-9474-1A3956D46DE8}") = "SRP", "SRP", "{EB76F89D-76A0-478D-80B9-11E41C1BD7B3}"
EndProject
Project("{9A19103F-16F7-4668-BE54-9A1E7A4F7556}") = "SLRExamples", "SLRExamples\SLRExamples.csproj", "{9B5E084F-B461-4C44-BCCF-D5FBB0205D25}"
EndProject
Project("{2150E333-8FDC-42A3-9474-1A3956D46DE8}") = "OCP", "OCP", "{CBB4C059-3B55-48E0-8CA4-AAC1D14ABB43}"
EndProject
Project("{9A19103F-16F7-4668-BE54-9A1E7A4F7556}") = "OCPExamples", "OCPExamples\OCPExamples.csproj", "{1A2C0B64-01CD-4B23-88DA-4F621AB42911}"
EndProject
Project("{2150E333-8FDC-42A3-9474-1A3956D46DE8}") = "LSP", "LSP", "{B419CE28-AC05-45EE-B5A8-24CD43DB6689}"
EndProject
Project("{2150E333-8FDC-42A3-9474-1A3956D46DE8}") = "ISP", "ISP", "{C4626C26-7FD4-402A-9809-3F251064D7B8}"
EndProject
Project("{2150E333-8FDC-42A3-9474-1A3956D46DE8}") = "DIP", "DIP", "{676854D5-C42B-4605-9269-B11E79F6FF7B}"
EndProject
Project("{9A19103F-16F7-4668-BE54-9A1E7A4F7556}") = "LSPExamples", "LSPExamples\LSPExamples.csproj", "{E5F5C136-84E5-47F2-AE6C-9132A1E48B3D}"
EndProject
Project("{FAE04EC0-301F-11D3-BF4B-00C04F79EFBC}") = "ISPExamples", "ISPExamples\ISPExamples.csproj", "{D356DE94-D899-4D10-806B-DEE2D0633169}"
EndProject
Project("{FAE04EC0-301F-11D3-BF4B-00C04F79EFBC}") = "DIPExample", "DIPExample\DIPExample.csproj", "{73491AE6-A162-4EC2-9C2D-466DF79E51A8}"
EndProject
Global
	GlobalSection(SolutionConfigurationPlatforms) = preSolution
		Debug|Any CPU = Debug|Any CPU
		Release|Any CPU = Release|Any CPU
	EndGlobalSection
	GlobalSection(ProjectConfigurationPlatforms) = postSolution
		{9B5E084F-B461-4C44-BCCF-D5FBB0205D25}.Debug|Any CPU.ActiveCfg = Debug|Any CPU
		{9B5E084F-B461-4C44-BCCF-D5FBB0205D25}.Debug|Any CPU.Build.0 = Debug|Any CPU
		{9B5E084F-B461-4C44-BCCF-D5FBB0205D25}.Release|Any CPU.ActiveCfg = Release|Any CPU
		{9B5E084F-B461-4C44-BCCF-D5FBB0205D25}.Release|Any CPU.Build.0 = Release|Any CPU
		{1A2C0B64-01CD-4B23-88DA-4F621AB42911}.Debug|Any CPU.ActiveCfg = Debug|Any CPU
		{1A2C0B64-01CD-4B23-88DA-4F621AB42911}.Debug|Any CPU.Build.0 = Debug|Any CPU
		{1A2C0B64-01CD-4B23-88DA-4F621AB42911}.Release|Any CPU.ActiveCfg = Release|Any CPU
		{1A2C0B64-01CD-4B23-88DA-4F621AB42911}.Release|Any CPU.Build.0 = Release|Any CPU
		{E5F5C136-84E5-47F2-AE6C-9132A1E48B3D}.Debug|Any CPU.ActiveCfg = Debug|Any CPU
		{E5F5C136-84E5-47F2-AE6C-9132A1E48B3D}.Debug|Any CPU.Build.0 = Debug|Any CPU
		{E5F5C136-84E5-47F2-AE6C-9132A1E48B3D}.Release|Any CPU.ActiveCfg = Release|Any CPU
		{E5F5C136-84E5-47F2-AE6C-9132A1E48B3D}.Release|Any CPU.Build.0 = Release|Any CPU
		{D356DE94-D899-4D10-806B-DEE2D0633169}.Debug|Any CPU.ActiveCfg = Debug|Any CPU
		{D356DE94-D899-4D10-806B-DEE2D0633169}.Debug|Any CPU.Build.0 = Debug|Any CPU
		{D356DE94-D899-4D10-806B-DEE2D0633169}.Release|Any CPU.ActiveCfg = Release|Any CPU
		{D356DE94-D899-4D10-806B-DEE2D0633169}.Release|Any CPU.Build.0 = Release|Any CPU
		{73491AE6-A162-4EC2-9C2D-466DF79E51A8}.Debug|Any CPU.ActiveCfg = Debug|Any CPU
		{73491AE6-A162-4EC2-9C2D-466DF79E51A8}.Debug|Any CPU.Build.0 = Debug|Any CPU
		{73491AE6-A162-4EC2-9C2D-466DF79E51A8}.Release|Any CPU.ActiveCfg = Release|Any CPU
		{73491AE6-A162-4EC2-9C2D-466DF79E51A8}.Release|Any CPU.Build.0 = Release|Any CPU
	EndGlobalSection
	GlobalSection(SolutionProperties) = preSolution
		HideSolutionNode = FALSE
	EndGlobalSection
	GlobalSection(NestedProjects) = preSolution
		{9B5E084F-B461-4C44-BCCF-D5FBB0205D25} = {EB76F89D-76A0-478D-80B9-11E41C1BD7B3}
		{1A2C0B64-01CD-4B23-88DA-4F621AB42911} = {CBB4C059-3B55-48E0-8CA4-AAC1D14ABB43}
		{E5F5C136-84E5-47F2-AE6C-9132A1E48B3D} = {B419CE28-AC05-45EE-B5A8-24CD43DB6689}
		{D356DE94-D899-4D10-806B-DEE2D0633169} = {C4626C26-7FD4-402A-9809-3F251064D7B8}
		{73491AE6-A162-4EC2-9C2D-466DF79E51A8} = {676854D5-C42B-4605-9269-B11E79F6FF7B}
	EndGlobalSection
	GlobalSection(ExtensibilityGlobals) = postSolution
		SolutionGuid = {94407062-7D0C-497C-A78E-1975A4A6BA26}
	EndGlobalSection
EndGlobal
